
Microsoft Visual Studio Solution File, Format Version 12.00
# Visual Studio Version 17
VisualStudioVersion = 17.11.35431.28
MinimumVisualStudioVersion = 10.0.40219.1
Project("{8BC9CEB8-8B4A-11D0-8D11-00A0C91BC942}") = "Project_1", "Project_1\Project_1.vcxproj", "{A3E40847-311D-4129-8D1B-83F7FF9DD91F}"
EndProject
Global
	GlobalSection(SolutionConfigurationPlatforms) = preSolution
		Debug|x64 = Debug|x64
		Debug|x86 = Debug|x86
		Release|x64 = Release|x64
		Release|x86 = Release|x86
	EndGlobalSection
	GlobalSection(ProjectConfigurationPlatforms) = postSolution
		{A3E40847-311D-4129-8D1B-83F7FF9DD91F}.Debug|x64.ActiveCfg = Debug|x64
		{A3E40847-311D-4129-8D1B-83F7FF9DD91F}.Debug|x64.Build.0 = Debug|x64
		{A3E40847-311D-4129-8D1B-83F7FF9DD91F}.Debug|x86.ActiveCfg = Debug|Win32
		{A3E40847-311D-4129-8D1B-83F7FF9DD91F}.Debug|x86.Build.0 = Debug|Win32
		{A3E40847-311D-4129-8D1B-83F7FF9DD91F}.Release|x64.ActiveCfg = Release|x64
		{A3E40847-311D-4129-8D1B-83F7FF9DD91F}.Release|x64.Build.0 = Release|x64
		{A3E40847-311D-4129-8D1B-83F7FF9DD91F}.Release|x86.ActiveCfg = Release|Win32
		{A3E40847-311D-4129-8D1B-83F7FF9DD91F}.Release|x86.Build.0 = Release|Win32
	EndGlobalSection
	GlobalSection(SolutionProperties) = preSolution
		HideSolutionNode = FALSE
	EndGlobalSection
	GlobalSection(ExtensibilityGlobals) = postSolution
		SolutionGuid = {D98DED47-7C6A-450C-BF43-AEC5BFB723E0}
	EndGlobalSection
EndGlobal
